
Microsoft Visual Studio Solution File, Format Version 12.00
# Visual Studio Version 17
VisualStudioVersion = 17.11.35327.3
MinimumVisualStudioVersion = 10.0.40219.1
Project("{FAE04EC0-301F-11D3-BF4B-00C04F79EFBC}") = "Crypto Tracker", "Crypto Tracker\Crypto Tracker.csproj", "{E57E1FAF-21D8-4BDA-8952-355182078C06}"
EndProject
Global
	GlobalSection(SolutionConfigurationPlatforms) = preSolution
		Debug|Any CPU = Debug|Any CPU
		Release|Any CPU = Release|Any CPU
	EndGlobalSection
	GlobalSection(ProjectConfigurationPlatforms) = postSolution
		{E57E1FAF-21D8-4BDA-8952-355182078C06}.Debug|Any CPU.ActiveCfg = Debug|Any CPU
		{E57E1FAF-21D8-4BDA-8952-355182078C06}.Debug|Any CPU.Build.0 = Debug|Any CPU
		{E57E1FAF-21D8-4BDA-8952-355182078C06}.Release|Any CPU.ActiveCfg = Release|Any CPU
		{E57E1FAF-21D8-4BDA-8952-355182078C06}.Release|Any CPU.Build.0 = Release|Any CPU
	EndGlobalSection
	GlobalSection(SolutionProperties) = preSolution
		HideSolutionNode = FALSE
	EndGlobalSection
	GlobalSection(ExtensibilityGlobals) = postSolution
		SolutionGuid = {56ECA994-96A3-41B3-9627-587D537B2B89}
	EndGlobalSection
EndGlobal
